
Microsoft Visual Studio Solution File, Format Version 12.00
# Visual Studio Version 17
VisualStudioVersion = 17.6.33815.320
MinimumVisualStudioVersion = 10.0.40219.1
Project("{FAE04EC0-301F-11D3-BF4B-00C04F79EFBC}") = "Entities", "Entities\Entities.csproj", "{8D2BCE1B-58F6-4168-A94E-F2A6E98286D5}"
EndProject
Project("{FAE04EC0-301F-11D3-BF4B-00C04F79EFBC}") = "DataAccess", "DataAccess\DataAccess.csproj", "{998E205C-43F4-4C9E-95F9-84546B2B45E4}"
EndProject
Project("{FAE04EC0-301F-11D3-BF4B-00C04F79EFBC}") = "Business", "Business\Business.csproj", "{45C4B09A-3576-460B-9021-98607C62ACDF}"
EndProject
Project("{FAE04EC0-301F-11D3-BF4B-00C04F79EFBC}") = "ConsoleUI", "ConsoleUI\ConsoleUI.csproj", "{F5B668A4-951C-46C7-A41A-5B6BF74EC449}"
EndProject
Global
	GlobalSection(SolutionConfigurationPlatforms) = preSolution
		Debug|Any CPU = Debug|Any CPU
		Release|Any CPU = Release|Any CPU
	EndGlobalSection
	GlobalSection(ProjectConfigurationPlatforms) = postSolution
		{8D2BCE1B-58F6-4168-A94E-F2A6E98286D5}.Debug|Any CPU.ActiveCfg = Debug|Any CPU
		{8D2BCE1B-58F6-4168-A94E-F2A6E98286D5}.Debug|Any CPU.Build.0 = Debug|Any CPU
		{8D2BCE1B-58F6-4168-A94E-F2A6E98286D5}.Release|Any CPU.ActiveCfg = Release|Any CPU
		{8D2BCE1B-58F6-4168-A94E-F2A6E98286D5}.Release|Any CPU.Build.0 = Release|Any CPU
		{998E205C-43F4-4C9E-95F9-84546B2B45E4}.Debug|Any CPU.ActiveCfg = Debug|Any CPU
		{998E205C-43F4-4C9E-95F9-84546B2B45E4}.Debug|Any CPU.Build.0 = Debug|Any CPU
		{998E205C-43F4-4C9E-95F9-84546B2B45E4}.Release|Any CPU.ActiveCfg = Release|Any CPU
		{998E205C-43F4-4C9E-95F9-84546B2B45E4}.Release|Any CPU.Build.0 = Release|Any CPU
		{45C4B09A-3576-460B-9021-98607C62ACDF}.Debug|Any CPU.ActiveCfg = Debug|Any CPU
		{45C4B09A-3576-460B-9021-98607C62ACDF}.Debug|Any CPU.Build.0 = Debug|Any CPU
		{45C4B09A-3576-460B-9021-98607C62ACDF}.Release|Any CPU.ActiveCfg = Release|Any CPU
		{45C4B09A-3576-460B-9021-98607C62ACDF}.Release|Any CPU.Build.0 = Release|Any CPU
		{F5B668A4-951C-46C7-A41A-5B6BF74EC449}.Debug|Any CPU.ActiveCfg = Debug|Any CPU
		{F5B668A4-951C-46C7-A41A-5B6BF74EC449}.Debug|Any CPU.Build.0 = Debug|Any CPU
		{F5B668A4-951C-46C7-A41A-5B6BF74EC449}.Release|Any CPU.ActiveCfg = Release|Any CPU
		{F5B668A4-951C-46C7-A41A-5B6BF74EC449}.Release|Any CPU.Build.0 = Release|Any CPU
	EndGlobalSection
	GlobalSection(SolutionProperties) = preSolution
		HideSolutionNode = FALSE
	EndGlobalSection
	GlobalSection(ExtensibilityGlobals) = postSolution
		SolutionGuid = {20B55A11-A993-4101-83F8-3D88F67581BC}
	EndGlobalSection
EndGlobal
